
Microsoft Visual Studio Solution File, Format Version 11.00
# Visual Studio 2010
Project("{2150E333-8FDC-42A3-9474-1A3956D46DE8}") = "Solution Items", "Solution Items", "{3D83714F-BE96-4634-8527-8E8CD5403786}"
	ProjectSection(SolutionItems) = preProject
		Local.testsettings = Local.testsettings
		Patria_Fabrica_Muebles.vsmdi = Patria_Fabrica_Muebles.vsmdi
		TraceAndTestImpact.testsettings = TraceAndTestImpact.testsettings
	EndProjectSection
EndProject
Project("{FAE04EC0-301F-11D3-BF4B-00C04F79EFBC}") = "DAO", "DAO\DAO.csproj", "{90B67489-C46D-4D53-866F-3DF95906A6E9}"
EndProject
Project("{FAE04EC0-301F-11D3-BF4B-00C04F79EFBC}") = "Entidades", "Entidades\Entidades.csproj", "{DBC343CA-90DC-4834-879E-A7FB49A953C7}"
EndProject
Project("{FAE04EC0-301F-11D3-BF4B-00C04F79EFBC}") = "DAOTest", "DAOTest\DAOTest.csproj", "{B8409A36-C7F6-4C5C-9B90-5AA142AEE414}"
EndProject
Project("{FAE04EC0-301F-11D3-BF4B-00C04F79EFBC}") = "Web", "Web\Web.csproj", "{A9ACB811-5669-4AE1-A39A-7DAA4F16E026}"
EndProject
Global
	GlobalSection(TestCaseManagementSettings) = postSolution
		CategoryFile = Patria_Fabrica_Muebles.vsmdi
	EndGlobalSection
	GlobalSection(SolutionConfigurationPlatforms) = preSolution
		Debug|Any CPU = Debug|Any CPU
		Release|Any CPU = Release|Any CPU
	EndGlobalSection
	GlobalSection(ProjectConfigurationPlatforms) = postSolution
		{90B67489-C46D-4D53-866F-3DF95906A6E9}.Debug|Any CPU.ActiveCfg = Debug|Any CPU
		{90B67489-C46D-4D53-866F-3DF95906A6E9}.Debug|Any CPU.Build.0 = Debug|Any CPU
		{90B67489-C46D-4D53-866F-3DF95906A6E9}.Release|Any CPU.ActiveCfg = Release|Any CPU
		{90B67489-C46D-4D53-866F-3DF95906A6E9}.Release|Any CPU.Build.0 = Release|Any CPU
		{DBC343CA-90DC-4834-879E-A7FB49A953C7}.Debug|Any CPU.ActiveCfg = Debug|Any CPU
		{DBC343CA-90DC-4834-879E-A7FB49A953C7}.Debug|Any CPU.Build.0 = Debug|Any CPU
		{DBC343CA-90DC-4834-879E-A7FB49A953C7}.Release|Any CPU.ActiveCfg = Release|Any CPU
		{DBC343CA-90DC-4834-879E-A7FB49A953C7}.Release|Any CPU.Build.0 = Release|Any CPU
		{B8409A36-C7F6-4C5C-9B90-5AA142AEE414}.Debug|Any CPU.ActiveCfg = Debug|Any CPU
		{B8409A36-C7F6-4C5C-9B90-5AA142AEE414}.Debug|Any CPU.Build.0 = Debug|Any CPU
		{B8409A36-C7F6-4C5C-9B90-5AA142AEE414}.Release|Any CPU.ActiveCfg = Release|Any CPU
		{B8409A36-C7F6-4C5C-9B90-5AA142AEE414}.Release|Any CPU.Build.0 = Release|Any CPU
		{A9ACB811-5669-4AE1-A39A-7DAA4F16E026}.Debug|Any CPU.ActiveCfg = Debug|Any CPU
		{A9ACB811-5669-4AE1-A39A-7DAA4F16E026}.Debug|Any CPU.Build.0 = Debug|Any CPU
		{A9ACB811-5669-4AE1-A39A-7DAA4F16E026}.Release|Any CPU.ActiveCfg = Release|Any CPU
		{A9ACB811-5669-4AE1-A39A-7DAA4F16E026}.Release|Any CPU.Build.0 = Release|Any CPU
	EndGlobalSection
	GlobalSection(SolutionProperties) = preSolution
		HideSolutionNode = FALSE
	EndGlobalSection
EndGlobal
