
Microsoft Visual Studio Solution File, Format Version 11.00
# Visual Studio 2010
Project("{E24C65DC-7377-472B-9ABA-BC803B73C61A}") = "Aplicacion", "Aplicacion\", "{D9CCEB62-110B-4CB2-BBB1-D7914145A109}"
	ProjectSection(WebsiteProperties) = preProject
		TargetFrameworkMoniker = ".NETFramework,Version%3Dv4.0"
		ProjectReferences = "{8FF2A5F1-AEF9-4572-8237-1B2E7AF04BCF}|Datos.dll;"
		Debug.AspNetCompiler.VirtualPath = "/Aplicacion"
		Debug.AspNetCompiler.PhysicalPath = "Aplicacion\"
		Debug.AspNetCompiler.TargetPath = "PrecompiledWeb\Aplicacion\"
		Debug.AspNetCompiler.Updateable = "true"
		Debug.AspNetCompiler.ForceOverwrite = "true"
		Debug.AspNetCompiler.FixedNames = "false"
		Debug.AspNetCompiler.Debug = "True"
		Release.AspNetCompiler.VirtualPath = "/Aplicacion"
		Release.AspNetCompiler.PhysicalPath = "Aplicacion\"
		Release.AspNetCompiler.TargetPath = "PrecompiledWeb\Aplicacion\"
		Release.AspNetCompiler.Updateable = "true"
		Release.AspNetCompiler.ForceOverwrite = "true"
		Release.AspNetCompiler.FixedNames = "false"
		Release.AspNetCompiler.Debug = "False"
		VWDPort = "6222"
	EndProjectSection
EndProject
Project("{FAE04EC0-301F-11D3-BF4B-00C04F79EFBC}") = "Datos", "Datos\Datos.csproj", "{8FF2A5F1-AEF9-4572-8237-1B2E7AF04BCF}"
EndProject
Global
	GlobalSection(SolutionConfigurationPlatforms) = preSolution
		Debug|Any CPU = Debug|Any CPU
		Release|Any CPU = Release|Any CPU
	EndGlobalSection
	GlobalSection(ProjectConfigurationPlatforms) = postSolution
		{D9CCEB62-110B-4CB2-BBB1-D7914145A109}.Debug|Any CPU.ActiveCfg = Debug|Any CPU
		{D9CCEB62-110B-4CB2-BBB1-D7914145A109}.Debug|Any CPU.Build.0 = Debug|Any CPU
		{D9CCEB62-110B-4CB2-BBB1-D7914145A109}.Release|Any CPU.ActiveCfg = Debug|Any CPU
		{D9CCEB62-110B-4CB2-BBB1-D7914145A109}.Release|Any CPU.Build.0 = Debug|Any CPU
		{8FF2A5F1-AEF9-4572-8237-1B2E7AF04BCF}.Debug|Any CPU.ActiveCfg = Debug|Any CPU
		{8FF2A5F1-AEF9-4572-8237-1B2E7AF04BCF}.Debug|Any CPU.Build.0 = Debug|Any CPU
		{8FF2A5F1-AEF9-4572-8237-1B2E7AF04BCF}.Release|Any CPU.ActiveCfg = Release|Any CPU
		{8FF2A5F1-AEF9-4572-8237-1B2E7AF04BCF}.Release|Any CPU.Build.0 = Release|Any CPU
	EndGlobalSection
	GlobalSection(SolutionProperties) = preSolution
		HideSolutionNode = FALSE
	EndGlobalSection
EndGlobal
